// !$*UTF8*$!
{
	archiveVersion = 1;
	classes = {
	};
	objectVersion = 55;
	objects = {

/* Begin PBXBuildFile section */
		D98672E128CFCFD10026A31C /* ProjectB.docc in Sources */ = {isa = PBXBuildFile; fileRef = D98672E028CFCFD10026A31C /* ProjectB.docc */; };
		D98672E728CFCFD10026A31C /* ProjectB.framework in Frameworks */ = {isa = PBXBuildFile; fileRef = D98672DC28CFCFD00026A31C /* ProjectB.framework */; };
		D98672EC28CFCFD10026A31C /* ProjectBTests.swift in Sources */ = {isa = PBXBuildFile; fileRef = D98672EB28CFCFD10026A31C /* ProjectBTests.swift */; };
		D98672ED28CFCFD10026A31C /* ProjectB.h in Headers */ = {isa = PBXBuildFile; fileRef = D98672DF28CFCFD00026A31C /* ProjectB.h */; settings = {ATTRIBUTES = (Public, ); }; };
/* End PBXBuildFile section */

/* Begin PBXContainerItemProxy section */
		D98672E828CFCFD10026A31C /* PBXContainerItemProxy */ = {
			isa = PBXContainerItemProxy;
			containerPortal = D98672D328CFCFD00026A31C /* Project object */;
			proxyType = 1;
			remoteGlobalIDString = D98672DB28CFCFD00026A31C;
			remoteInfo = ProjectB;
		};
/* End PBXContainerItemProxy section */

/* Begin PBXFileReference section */
		D98672DC28CFCFD00026A31C /* ProjectB.framework */ = {isa = PBXFileReference; explicitFileType = wrapper.framework; includeInIndex = 0; path = ProjectB.framework; sourceTree = BUILT_PRODUCTS_DIR; };
		D98672DF28CFCFD00026A31C /* ProjectB.h */ = {isa = PBXFileReference; lastKnownFileType = sourcecode.c.h; path = ProjectB.h; sourceTree = "<group>"; };
		D98672E028CFCFD10026A31C /* ProjectB.docc */ = {isa = PBXFileReference; lastKnownFileType = folder.documentationcatalog; path = ProjectB.docc; sourceTree = "<group>"; };
		D98672E628CFCFD10026A31C /* ProjectBTests.xctest */ = {isa = PBXFileReference; explicitFileType = wrapper.cfbundle; includeInIndex = 0; path = ProjectBTests.xctest; sourceTree = BUILT_PRODUCTS_DIR; };
		D98672EB28CFCFD10026A31C /* ProjectBTests.swift */ = {isa = PBXFileReference; lastKnownFileType = sourcecode.swift; path = ProjectBTests.swift; sourceTree = "<group>"; };
/* End PBXFileReference section */

/* Begin PBXFrameworksBuildPhase section */
		D98672D928CFCFD00026A31C /* Frameworks */ = {
			isa = PBXFrameworksBuildPhase;
			buildActionMask = 2147483647;
			files = (
			);
			runOnlyForDeploymentPostprocessing = 0;
		};
		D98672E328CFCFD10026A31C /* Frameworks */ = {
			isa = PBXFrameworksBuildPhase;
			buildActionMask = 2147483647;
			files = (
				D98672E728CFCFD10026A31C /* ProjectB.framework in Frameworks */,
			);
			runOnlyForDeploymentPostprocessing = 0;
		};
/* End PBXFrameworksBuildPhase section */

/* Begin PBXGroup section */
		D98672D228CFCFD00026A31C = {
			isa = PBXGroup;
			children = (
				D98672DE28CFCFD00026A31C /* ProjectB */,
				D98672EA28CFCFD10026A31C /* ProjectBTests */,
				D98672DD28CFCFD00026A31C /* Products */,
			);
			sourceTree = "<group>";
		};
		D98672DD28CFCFD00026A31C /* Products */ = {
			isa = PBXGroup;
			children = (
				D98672DC28CFCFD00026A31C /* ProjectB.framework */,
				D98672E628CFCFD10026A31C /* ProjectBTests.xctest */,
			);
			name = Products;
			sourceTree = "<group>";
		};
		D98672DE28CFCFD00026A31C /* ProjectB */ = {
			isa = PBXGroup;
			children = (
				D98672DF28CFCFD00026A31C /* ProjectB.h */,
				D98672E028CFCFD10026A31C /* ProjectB.docc */,
			);
			path = ProjectB;
			sourceTree = "<group>";
		};
		D98672EA28CFCFD10026A31C /* ProjectBTests */ = {
			isa = PBXGroup;
			children = (
				D98672EB28CFCFD10026A31C /* ProjectBTests.swift */,
			);
			path = ProjectBTests;
			sourceTree = "<group>";
		};
/* End PBXGroup section */

/* Begin PBXHeadersBuildPhase section */
		D98672D728CFCFD00026A31C /* Headers */ = {
			isa = PBXHeadersBuildPhase;
			buildActionMask = 2147483647;
			files = (
				D98672ED28CFCFD10026A31C /* ProjectB.h in Headers */,
			);
			runOnlyForDeploymentPostprocessing = 0;
		};
/* End PBXHeadersBuildPhase section */

/* Begin PBXNativeTarget section */
		D98672DB28CFCFD00026A31C /* ProjectB */ = {
			isa = PBXNativeTarget;
			buildConfigurationList = D98672F028CFCFD10026A31C /* Build configuration list for PBXNativeTarget "ProjectB" */;
			buildPhases = (
				D98672D728CFCFD00026A31C /* Headers */,
				D98672D828CFCFD00026A31C /* Sources */,
				D98672D928CFCFD00026A31C /* Frameworks */,
				D98672DA28CFCFD00026A31C /* Resources */,
			);
			buildRules = (
			);
			dependencies = (
			);
			name = ProjectB;
			productName = ProjectB;
			productReference = D98672DC28CFCFD00026A31C /* ProjectB.framework */;
			productType = "com.apple.product-type.framework";
		};
		D98672E528CFCFD10026A31C /* ProjectBTests */ = {
			isa = PBXNativeTarget;
			buildConfigurationList = D98672F328CFCFD10026A31C /* Build configuration list for PBXNativeTarget "ProjectBTests" */;
			buildPhases = (
				D98672E228CFCFD10026A31C /* Sources */,
				D98672E328CFCFD10026A31C /* Frameworks */,
				D98672E428CFCFD10026A31C /* Resources */,
			);
			buildRules = (
			);
			dependencies = (
				D98672E928CFCFD10026A31C /* PBXTargetDependency */,
			);
			name = ProjectBTests;
			productName = ProjectBTests;
			productReference = D98672E628CFCFD10026A31C /* ProjectBTests.xctest */;
			productType = "com.apple.product-type.bundle.unit-test";
		};
/* End PBXNativeTarget section */

/* Begin PBXProject section */
		D98672D328CFCFD00026A31C /* Project object */ = {
			isa = PBXProject;
			attributes = {
				BuildIndependentTargetsInParallel = 1;
				LastSwiftUpdateCheck = 1340;
				LastUpgradeCheck = 1340;
				TargetAttributes = {
					D98672DB28CFCFD00026A31C = {
						CreatedOnToolsVersion = 13.4.1;
					};
					D98672E528CFCFD10026A31C = {
						CreatedOnToolsVersion = 13.4.1;
					};
				};
			};
			buildConfigurationList = D98672D628CFCFD00026A31C /* Build configuration list for PBXProject "ProjectB" */;
			compatibilityVersion = "Xcode 13.0";
			developmentRegion = en;
			hasScannedForEncodings = 0;
			knownRegions = (
				en,
				Base,
			);
			mainGroup = D98672D228CFCFD00026A31C;
			productRefGroup = D98672DD28CFCFD00026A31C /* Products */;
			projectDirPath = "";
			projectRoot = "";
			targets = (
				D98672DB28CFCFD00026A31C /* ProjectB */,
				D98672E528CFCFD10026A31C /* ProjectBTests */,
			);
		};
/* End PBXProject section */

/* Begin PBXResourcesBuildPhase section */
		D98672DA28CFCFD00026A31C /* Resources */ = {
			isa = PBXResourcesBuildPhase;
			buildActionMask = 2147483647;
			files = (
			);
			runOnlyForDeploymentPostprocessing = 0;
		};
		D98672E428CFCFD10026A31C /* Resources */ = {
			isa = PBXResourcesBuildPhase;
			buildActionMask = 2147483647;
			files = (
			);
			runOnlyForDeploymentPostprocessing = 0;
		};
/* End PBXResourcesBuildPhase section */

/* Begin PBXSourcesBuildPhase section */
		D98672D828CFCFD00026A31C /* Sources */ = {
			isa = PBXSourcesBuildPhase;
			buildActionMask = 2147483647;
			files = (
				D98672E128CFCFD10026A31C /* ProjectB.docc in Sources */,
			);
			runOnlyForDeploymentPostprocessing = 0;
		};
		D98672E228CFCFD10026A31C /* Sources */ = {
			isa = PBXSourcesBuildPhase;
			buildActionMask = 2147483647;
			files = (
				D98672EC28CFCFD10026A31C /* ProjectBTests.swift in Sources */,
			);
			runOnlyForDeploymentPostprocessing = 0;
		};
/* End PBXSourcesBuildPhase section */

/* Begin PBXTargetDependency section */
		D98672E928CFCFD10026A31C /* PBXTargetDependency */ = {
			isa = PBXTargetDependency;
			target = D98672DB28CFCFD00026A31C /* ProjectB */;
			targetProxy = D98672E828CFCFD10026A31C /* PBXContainerItemProxy */;
		};
/* End PBXTargetDependency section */

/* Begin XCBuildConfiguration section */
		D98672EE28CFCFD10026A31C /* Debug */ = {
			isa = XCBuildConfiguration;
			buildSettings = {
				ALWAYS_SEARCH_USER_PATHS = NO;
				CLANG_ANALYZER_NONNULL = YES;
				CLANG_ANALYZER_NUMBER_OBJECT_CONVERSION = YES_AGGRESSIVE;
				CLANG_CXX_LANGUAGE_STANDARD = "gnu++17";
				CLANG_ENABLE_MODULES = YES;
				CLANG_ENABLE_OBJC_ARC = YES;
				CLANG_ENABLE_OBJC_WEAK = YES;
				CLANG_WARN_BLOCK_CAPTURE_AUTORELEASING = YES;
				CLANG_WARN_BOOL_CONVERSION = YES;
				CLANG_WARN_COMMA = YES;
				CLANG_WARN_CONSTANT_CONVERSION = YES;
				CLANG_WARN_DEPRECATED_OBJC_IMPLEMENTATIONS = YES;
				CLANG_WARN_DIRECT_OBJC_ISA_USAGE = YES_ERROR;
				CLANG_WARN_DOCUMENTATION_COMMENTS = YES;
				CLANG_WARN_EMPTY_BODY = YES;
				CLANG_WARN_ENUM_CONVERSION = YES;
				CLANG_WARN_INFINITE_RECURSION = YES;
				CLANG_WARN_INT_CONVERSION = YES;
				CLANG_WARN_NON_LITERAL_NULL_CONVERSION = YES;
				CLANG_WARN_OBJC_IMPLICIT_RETAIN_SELF = YES;
				CLANG_WARN_OBJC_LITERAL_CONVERSION = YES;
				CLANG_WARN_OBJC_ROOT_CLASS = YES_ERROR;
				CLANG_WARN_QUOTED_INCLUDE_IN_FRAMEWORK_HEADER = YES;
				CLANG_WARN_RANGE_LOOP_ANALYSIS = YES;
				CLANG_WARN_STRICT_PROTOTYPES = YES;
				CLANG_WARN_SUSPICIOUS_MOVE = YES;
				CLANG_WARN_UNGUARDED_AVAILABILITY = YES_AGGRESSIVE;
				CLANG_WARN_UNREACHABLE_CODE = YES;
				CLANG_WARN__DUPLICATE_METHOD_MATCH = YES;
				COPY_PHASE_STRIP = NO;
				CURRENT_PROJECT_VERSION = 1;
				DEBUG_INFORMATION_FORMAT = dwarf;
				ENABLE_STRICT_OBJC_MSGSEND = YES;
				ENABLE_TESTABILITY = YES;
				GCC_C_LANGUAGE_STANDARD = gnu11;
				GCC_DYNAMIC_NO_PIC = NO;
				GCC_NO_COMMON_BLOCKS = YES;
				GCC_OPTIMIZATION_LEVEL = 0;
				GCC_PREPROCESSOR_DEFINITIONS = (
					"DEBUG=1",
					"$(inherited)",
				);
				GCC_WARN_64_TO_32_BIT_CONVERSION = YES;
				GCC_WARN_ABOUT_RETURN_TYPE = YES_ERROR;
				GCC_WARN_UNDECLARED_SELECTOR = YES;
				GCC_WARN_UNINITIALIZED_AUTOS = YES_AGGRESSIVE;
				GCC_WARN_UNUSED_FUNCTION = YES;
				GCC_WARN_UNUSED_VARIABLE = YES;
				IPHONEOS_DEPLOYMENT_TARGET = 15.5;
				MTL_ENABLE_DEBUG_INFO = INCLUDE_SOURCE;
				MTL_FAST_MATH = YES;
				ONLY_ACTIVE_ARCH = YES;
				SDKROOT = iphoneos;
				SWIFT_ACTIVE_COMPILATION_CONDITIONS = DEBUG;
				SWIFT_OPTIMIZATION_LEVEL = "-Onone";
				VERSIONING_SYSTEM = "apple-generic";
				VERSION_INFO_PREFIX = "";
			};
			name = Debug;
		};
		D98672EF28CFCFD10026A31C /* Release */ = {
			isa = XCBuildConfiguration;
			buildSettings = {
				ALWAYS_SEARCH_USER_PATHS = NO;
				CLANG_ANALYZER_NONNULL = YES;
				CLANG_ANALYZER_NUMBER_OBJECT_CONVERSION = YES_AGGRESSIVE;
				CLANG_CXX_LANGUAGE_STANDARD = "gnu++17";
				CLANG_ENABLE_MODULES = YES;
				CLANG_ENABLE_OBJC_ARC = YES;
				CLANG_ENABLE_OBJC_WEAK = YES;
				CLANG_WARN_BLOCK_CAPTURE_AUTORELEASING = YES;
				CLANG_WARN_BOOL_CONVERSION = YES;
				CLANG_WARN_COMMA = YES;
				CLANG_WARN_CONSTANT_CONVERSION = YES;
				CLANG_WARN_DEPRECATED_OBJC_IMPLEMENTATIONS = YES;
				CLANG_WARN_DIRECT_OBJC_ISA_USAGE = YES_ERROR;
				CLANG_WARN_DOCUMENTATION_COMMENTS = YES;
				CLANG_WARN_EMPTY_BODY = YES;
				CLANG_WARN_ENUM_CONVERSION = YES;
				CLANG_WARN_INFINITE_RECURSION = YES;
				CLANG_WARN_INT_CONVERSION = YES;
				CLANG_WARN_NON_LITERAL_NULL_CONVERSION = YES;
				CLANG_WARN_OBJC_IMPLICIT_RETAIN_SELF = YES;
				CLANG_WARN_OBJC_LITERAL_CONVERSION = YES;
				CLANG_WARN_OBJC_ROOT_CLASS = YES_ERROR;
				CLANG_WARN_QUOTED_INCLUDE_IN_FRAMEWORK_HEADER = YES;
				CLANG_WARN_RANGE_LOOP_ANALYSIS = YES;
				CLANG_WARN_STRICT_PROTOTYPES = YES;
				CLANG_WARN_SUSPICIOUS_MOVE = YES;
				CLANG_WARN_UNGUARDED_AVAILABILITY = YES_AGGRESSIVE;
				CLANG_WARN_UNREACHABLE_CODE = YES;
				CLANG_WARN__DUPLICATE_METHOD_MATCH = YES;
				COPY_PHASE_STRIP = NO;
				CURRENT_PROJECT_VERSION = 1;
				DEBUG_INFORMATION_FORMAT = "dwarf-with-dsym";
				ENABLE_NS_ASSERTIONS = NO;
				ENABLE_STRICT_OBJC_MSGSEND = YES;
				GCC_C_LANGUAGE_STANDARD = gnu11;
				GCC_NO_COMMON_BLOCKS = YES;
				GCC_WARN_64_TO_32_BIT_CONVERSION = YES;
				GCC_WARN_ABOUT_RETURN_TYPE = YES_ERROR;
				GCC_WARN_UNDECLARED_SELECTOR = YES;
				GCC_WARN_UNINITIALIZED_AUTOS = YES_AGGRESSIVE;
				GCC_WARN_UNUSED_FUNCTION = YES;
				GCC_WARN_UNUSED_VARIABLE = YES;
				IPHONEOS_DEPLOYMENT_TARGET = 15.5;
				MTL_ENABLE_DEBUG_INFO = NO;
				MTL_FAST_MATH = YES;
				SDKROOT = iphoneos;
				SWIFT_COMPILATION_MODE = wholemodule;
				SWIFT_OPTIMIZATION_LEVEL = "-O";
				VALIDATE_PRODUCT = YES;
				VERSIONING_SYSTEM = "apple-generic";
				VERSION_INFO_PREFIX = "";
			};
			name = Release;
		};
		D98672F128CFCFD10026A31C /* Debug */ = {
			isa = XCBuildConfiguration;
			buildSettings = {
				CODE_SIGN_STYLE = Automatic;
				CURRENT_PROJECT_VERSION = 1;
				DEFINES_MODULE = YES;
				DEVELOPMENT_TEAM = 7PEN5STQE7;
				DYLIB_COMPATIBILITY_VERSION = 1;
				DYLIB_CURRENT_VERSION = 1;
				DYLIB_INSTALL_NAME_BASE = "@rpath";
				GENERATE_INFOPLIST_FILE = YES;
				INFOPLIST_KEY_NSHumanReadableCopyright = "";
				INSTALL_PATH = "$(LOCAL_LIBRARY_DIR)/Frameworks";
				LD_RUNPATH_SEARCH_PATHS = (
					"$(inherited)",
					"@executable_path/Frameworks",
					"@loader_path/Frameworks",
				);
				MARKETING_VERSION = 1.0;
				PRODUCT_BUNDLE_IDENTIFIER = com.brainworxapps.com.ProjectB;
				PRODUCT_NAME = "$(TARGET_NAME:c99extidentifier)";
				SKIP_INSTALL = YES;
				SWIFT_EMIT_LOC_STRINGS = YES;
				SWIFT_VERSION = 5.0;
				TARGETED_DEVICE_FAMILY = "1,2";
			};
			name = Debug;
		};
		D98672F228CFCFD10026A31C /* Release */ = {
			isa = XCBuildConfiguration;
			buildSettings = {
				CODE_SIGN_STYLE = Automatic;
				CURRENT_PROJECT_VERSION = 1;
				DEFINES_MODULE = YES;
				DEVELOPMENT_TEAM = 7PEN5STQE7;
				DYLIB_COMPATIBILITY_VERSION = 1;
				DYLIB_CURRENT_VERSION = 1;
				DYLIB_INSTALL_NAME_BASE = "@rpath";
				GENERATE_INFOPLIST_FILE = YES;
				INFOPLIST_KEY_NSHumanReadableCopyright = "";
				INSTALL_PATH = "$(LOCAL_LIBRARY_DIR)/Frameworks";
				LD_RUNPATH_SEARCH_PATHS = (
					"$(inherited)",
					"@executable_path/Frameworks",
					"@loader_path/Frameworks",
				);
				MARKETING_VERSION = 1.0;
				PRODUCT_BUNDLE_IDENTIFIER = com.brainworxapps.com.ProjectB;
				PRODUCT_NAME = "$(TARGET_NAME:c99extidentifier)";
				SKIP_INSTALL = YES;
				SWIFT_EMIT_LOC_STRINGS = YES;
				SWIFT_VERSION = 5.0;
				TARGETED_DEVICE_FAMILY = "1,2";
			};
			name = Release;
		};
		D98672F428CFCFD10026A31C /* Debug */ = {
			isa = XCBuildConfiguration;
			buildSettings = {
				CODE_SIGN_STYLE = Automatic;
				CURRENT_PROJECT_VERSION = 1;
				DEVELOPMENT_TEAM = 7PEN5STQE7;
				GENERATE_INFOPLIST_FILE = YES;
				MARKETING_VERSION = 1.0;
				PRODUCT_BUNDLE_IDENTIFIER = com.brainworxapps.com.ProjectBTests;
				PRODUCT_NAME = "$(TARGET_NAME)";
				SWIFT_EMIT_LOC_STRINGS = NO;
				SWIFT_VERSION = 5.0;
				TARGETED_DEVICE_FAMILY = "1,2";
			};
			name = Debug;
		};
		D98672F528CFCFD10026A31C /* Release */ = {
			isa = XCBuildConfiguration;
			buildSettings = {
				CODE_SIGN_STYLE = Automatic;
				CURRENT_PROJECT_VERSION = 1;
				DEVELOPMENT_TEAM = 7PEN5STQE7;
				GENERATE_INFOPLIST_FILE = YES;
				MARKETING_VERSION = 1.0;
				PRODUCT_BUNDLE_IDENTIFIER = com.brainworxapps.com.ProjectBTests;
				PRODUCT_NAME = "$(TARGET_NAME)";
				SWIFT_EMIT_LOC_STRINGS = NO;
				SWIFT_VERSION = 5.0;
				TARGETED_DEVICE_FAMILY = "1,2";
			};
			name = Release;
		};
/* End XCBuildConfiguration section */

/* Begin XCConfigurationList section */
		D98672D628CFCFD00026A31C /* Build configuration list for PBXProject "ProjectB" */ = {
			isa = XCConfigurationList;
			buildConfigurations = (
				D98672EE28CFCFD10026A31C /* Debug */,
				D98672EF28CFCFD10026A31C /* Release */,
			);
			defaultConfigurationIsVisible = 0;
			defaultConfigurationName = Release;
		};
		D98672F028CFCFD10026A31C /* Build configuration list for PBXNativeTarget "ProjectB" */ = {
			isa = XCConfigurationList;
			buildConfigurations = (
				D98672F128CFCFD10026A31C /* Debug */,
				D98672F228CFCFD10026A31C /* Release */,
			);
			defaultConfigurationIsVisible = 0;
			defaultConfigurationName = Release;
		};
		D98672F328CFCFD10026A31C /* Build configuration list for PBXNativeTarget "ProjectBTests" */ = {
			isa = XCConfigurationList;
			buildConfigurations = (
				D98672F428CFCFD10026A31C /* Debug */,
				D98672F528CFCFD10026A31C /* Release */,
			);
			defaultConfigurationIsVisible = 0;
			defaultConfigurationName = Release;
		};
/* End XCConfigurationList section */
	};
	rootObject = D98672D328CFCFD00026A31C /* Project object */;
}
